
Microsoft Visual Studio Solution File, Format Version 12.00
# Visual Studio Version 17
VisualStudioVersion = 17.5.33414.496
MinimumVisualStudioVersion = 10.0.40219.1
Project("{FAE04EC0-301F-11D3-BF4B-00C04F79EFBC}") = "GUI", "GiaoDienPBL3\GUI.csproj", "{15C08C32-9B3D-4410-99A8-23C8B3F82A5A}"
EndProject
Project("{FAE04EC0-301F-11D3-BF4B-00C04F79EFBC}") = "BLL", "BLL\BLL.csproj", "{63CD5474-228E-4F7F-B795-E87645B27017}"
EndProject
Project("{FAE04EC0-301F-11D3-BF4B-00C04F79EFBC}") = "DAL", "DAL\DAL.csproj", "{E4E3131F-C813-476B-88E8-E914790C3551}"
EndProject
Project("{FAE04EC0-301F-11D3-BF4B-00C04F79EFBC}") = "DTO", "DTO\DTO.csproj", "{064BD462-197D-4E0D-A095-EF3E41B6EDBC}"
EndProject
Project("{FAE04EC0-301F-11D3-BF4B-00C04F79EFBC}") = "GUIClient", "GUIClient\GUIClient.csproj", "{AC7C3D08-508C-4F9A-B302-823EE12FE552}"
EndProject
Global
	GlobalSection(SolutionConfigurationPlatforms) = preSolution
		Debug|Any CPU = Debug|Any CPU
		Release|Any CPU = Release|Any CPU
	EndGlobalSection
	GlobalSection(ProjectConfigurationPlatforms) = postSolution
		{15C08C32-9B3D-4410-99A8-23C8B3F82A5A}.Debug|Any CPU.ActiveCfg = Debug|Any CPU
		{15C08C32-9B3D-4410-99A8-23C8B3F82A5A}.Debug|Any CPU.Build.0 = Debug|Any CPU
		{15C08C32-9B3D-4410-99A8-23C8B3F82A5A}.Release|Any CPU.ActiveCfg = Release|Any CPU
		{15C08C32-9B3D-4410-99A8-23C8B3F82A5A}.Release|Any CPU.Build.0 = Release|Any CPU
		{63CD5474-228E-4F7F-B795-E87645B27017}.Debug|Any CPU.ActiveCfg = Debug|Any CPU
		{63CD5474-228E-4F7F-B795-E87645B27017}.Debug|Any CPU.Build.0 = Debug|Any CPU
		{63CD5474-228E-4F7F-B795-E87645B27017}.Release|Any CPU.ActiveCfg = Release|Any CPU
		{63CD5474-228E-4F7F-B795-E87645B27017}.Release|Any CPU.Build.0 = Release|Any CPU
		{E4E3131F-C813-476B-88E8-E914790C3551}.Debug|Any CPU.ActiveCfg = Debug|Any CPU
		{E4E3131F-C813-476B-88E8-E914790C3551}.Debug|Any CPU.Build.0 = Debug|Any CPU
		{E4E3131F-C813-476B-88E8-E914790C3551}.Release|Any CPU.ActiveCfg = Release|Any CPU
		{E4E3131F-C813-476B-88E8-E914790C3551}.Release|Any CPU.Build.0 = Release|Any CPU
		{064BD462-197D-4E0D-A095-EF3E41B6EDBC}.Debug|Any CPU.ActiveCfg = Debug|Any CPU
		{064BD462-197D-4E0D-A095-EF3E41B6EDBC}.Debug|Any CPU.Build.0 = Debug|Any CPU
		{064BD462-197D-4E0D-A095-EF3E41B6EDBC}.Release|Any CPU.ActiveCfg = Release|Any CPU
		{064BD462-197D-4E0D-A095-EF3E41B6EDBC}.Release|Any CPU.Build.0 = Release|Any CPU
		{AC7C3D08-508C-4F9A-B302-823EE12FE552}.Debug|Any CPU.ActiveCfg = Debug|Any CPU
		{AC7C3D08-508C-4F9A-B302-823EE12FE552}.Debug|Any CPU.Build.0 = Debug|Any CPU
		{AC7C3D08-508C-4F9A-B302-823EE12FE552}.Release|Any CPU.ActiveCfg = Release|Any CPU
		{AC7C3D08-508C-4F9A-B302-823EE12FE552}.Release|Any CPU.Build.0 = Release|Any CPU
	EndGlobalSection
	GlobalSection(SolutionProperties) = preSolution
		HideSolutionNode = FALSE
	EndGlobalSection
	GlobalSection(ExtensibilityGlobals) = postSolution
		SolutionGuid = {382046FB-B0F8-4E8A-9832-D71100EACBD9}
	EndGlobalSection
EndGlobal
